
Microsoft Visual Studio Solution File, Format Version 12.00
# Visual Studio Version 17
VisualStudioVersion = 17.10.35013.160
MinimumVisualStudioVersion = 10.0.40219.1
Project("{FAE04EC0-301F-11D3-BF4B-00C04F79EFBC}") = "MiniJackpotManager", "MiniJackpotManager\MiniJackpotManager.csproj", "{380B67C1-C771-4A15-AE17-610D1EF6BCD1}"
EndProject
Project("{FAE04EC0-301F-11D3-BF4B-00C04F79EFBC}") = "MiniJackpotManager.Tests", "MiniJackpotManager.Tests\MiniJackpotManager.Tests.csproj", "{32ACB8DB-24EF-4894-BE84-27915CAEB102}"
EndProject
Global
	GlobalSection(SolutionConfigurationPlatforms) = preSolution
		Debug|Any CPU = Debug|Any CPU
		Release|Any CPU = Release|Any CPU
	EndGlobalSection
	GlobalSection(ProjectConfigurationPlatforms) = postSolution
		{380B67C1-C771-4A15-AE17-610D1EF6BCD1}.Debug|Any CPU.ActiveCfg = Debug|Any CPU
		{380B67C1-C771-4A15-AE17-610D1EF6BCD1}.Debug|Any CPU.Build.0 = Debug|Any CPU
		{380B67C1-C771-4A15-AE17-610D1EF6BCD1}.Release|Any CPU.ActiveCfg = Release|Any CPU
		{380B67C1-C771-4A15-AE17-610D1EF6BCD1}.Release|Any CPU.Build.0 = Release|Any CPU
		{32ACB8DB-24EF-4894-BE84-27915CAEB102}.Debug|Any CPU.ActiveCfg = Debug|Any CPU
		{32ACB8DB-24EF-4894-BE84-27915CAEB102}.Debug|Any CPU.Build.0 = Debug|Any CPU
		{32ACB8DB-24EF-4894-BE84-27915CAEB102}.Release|Any CPU.ActiveCfg = Release|Any CPU
		{32ACB8DB-24EF-4894-BE84-27915CAEB102}.Release|Any CPU.Build.0 = Release|Any CPU
	EndGlobalSection
	GlobalSection(SolutionProperties) = preSolution
		HideSolutionNode = FALSE
	EndGlobalSection
	GlobalSection(ExtensibilityGlobals) = postSolution
		SolutionGuid = {A5BB81C7-5A55-4EB2-9C4B-8ED3E7E904B4}
	EndGlobalSection
EndGlobal
